# This file is autogenerated by uv. To regenerate:
#   cd ai-engine && uv pip compile requirements.txt requirements-dev.txt -o requirements.lock --python-version 3.12
aiofiles==25.1.0
    # via -r requirements.txt
aiosqlite==0.22.1
    # via langgraph-checkpoint-sqlite
annotated-doc==0.0.4
    # via
    #   fastapi
    #   typer
annotated-types==0.7.0
    # via pydantic
anyio==4.13.0
    # via
    #   httpx
    #   openai
    #   starlette
    #   watchfiles
asgiref==3.11.1
    # via opentelemetry-instrumentation-asgi
ast-serialize==0.4.0
    # via mypy
async-timeout==5.0.1
    # via -r requirements.txt
attrs==26.1.0
    # via
    #   jsonschema
    #   referencing
bcrypt==5.0.0
    # via chromadb
beautifulsoup4==4.14.3
    # via -r requirements.txt
black==26.3.1
    # via -r requirements-dev.txt
boolean-py==5.0
    # via license-expression
build==1.5.0
    # via chromadb
cachecontrol==0.14.4
    # via pip-audit
certifi==2026.4.22
    # via
    #   httpcore
    #   httpx
    #   kubernetes
    #   requests
cfgv==3.5.0
    # via pre-commit
charset-normalizer==3.4.7
    # via requests
chromadb==1.5.9
    # via -r requirements.txt
click==8.3.3
    # via
    #   black
    #   duckduckgo-search
    #   typer
    #   uvicorn
coverage==7.14.0
    # via pytest-cov
cuda-bindings==13.2.0
    # via torch
cuda-pathfinder==1.5.4
    # via cuda-bindings
cuda-toolkit==13.0.2
    # via torch
cyclonedx-python-lib==11.7.0
    # via pip-audit
defusedxml==0.7.1
    # via py-serializable
distlib==0.4.0
    # via virtualenv
distro==1.9.0
    # via openai
duckduckgo-search==8.1.1
    # via -r requirements.txt
durationpy==0.10
    # via kubernetes
fastapi==0.136.1
    # via -r requirements.txt
filelock==3.29.0
    # via
    #   cachecontrol
    #   huggingface-hub
    #   python-discovery
    #   torch
    #   virtualenv
flatbuffers==25.12.19
    # via onnxruntime
fsspec==2026.4.0
    # via
    #   huggingface-hub
    #   torch
googleapis-common-protos==1.75.0
    # via
    #   opentelemetry-exporter-otlp-proto-grpc
    #   opentelemetry-exporter-otlp-proto-http
greenlet==3.5.0
    # via sqlalchemy
grpcio==1.80.0
    # via
    #   chromadb
    #   opentelemetry-exporter-otlp-proto-grpc
h11==0.16.0
    # via
    #   httpcore
    #   uvicorn
hf-xet==1.5.0
    # via huggingface-hub
httpcore==1.0.9
    # via httpx
httptools==0.7.1
    # via uvicorn
httpx==0.28.1
    # via
    #   -r requirements.txt
    #   chromadb
    #   huggingface-hub
    #   langgraph-sdk
    #   langsmith
    #   ollama
    #   openai
huggingface-hub==1.14.0
    # via
    #   sentence-transformers
    #   tokenizers
    #   transformers
identify==2.6.19
    # via pre-commit
idna==3.15
    # via
    #   anyio
    #   httpx
    #   requests
importlib-metadata==8.7.1
    # via opentelemetry-api
importlib-resources==7.1.0
    # via chromadb
iniconfig==2.3.0
    # via pytest
javalang==0.13.0
    # via -r requirements.txt
jinja2==3.1.6
    # via torch
jiter==0.14.0
    # via openai
joblib==1.5.3
    # via scikit-learn
jsonpatch==1.33
    # via langchain-core
jsonpointer==3.1.1
    # via jsonpatch
jsonschema==4.26.0
    # via
    #   -r requirements.txt
    #   chromadb
jsonschema-specifications==2025.9.1
    # via jsonschema
kubernetes==35.0.0
    # via chromadb
langchain-core==1.4.0
    # via
    #   -r requirements.txt
    #   langchain-ollama
    #   langchain-openai
    #   langgraph
    #   langgraph-checkpoint
    #   langgraph-prebuilt
langchain-ollama==1.1.0
    # via -r requirements.txt
langchain-openai==1.2.1
    # via -r requirements.txt
langchain-protocol==0.0.15
    # via langchain-core
langgraph==1.2.0
    # via -r requirements.txt
langgraph-checkpoint==4.1.0
    # via
    #   langgraph
    #   langgraph-checkpoint-sqlite
    #   langgraph-prebuilt
langgraph-checkpoint-sqlite==3.1.0
    # via -r requirements.txt
langgraph-prebuilt==1.1.0
    # via langgraph
langgraph-sdk==0.3.14
    # via langgraph
langsmith==0.8.4
    # via langchain-core
librt==0.11.0
    # via mypy
license-expression==30.4.4
    # via cyclonedx-python-lib
lxml==6.1.0
    # via duckduckgo-search
markdown-it-py==4.2.0
    # via rich
markupsafe==3.0.3
    # via jinja2
mdurl==0.1.2
    # via markdown-it-py
mmh3==5.2.1
    # via chromadb
mpmath==1.3.0
    # via sympy
msgpack==1.1.2
    # via cachecontrol
mypy==2.1.0
    # via -r requirements-dev.txt
mypy-extensions==1.1.0
    # via
    #   black
    #   mypy
networkx==3.6.1
    # via torch
nodeenv==1.10.0
    # via pre-commit
numpy==2.4.4
    # via
    #   -r requirements.txt
    #   chromadb
    #   onnxruntime
    #   rank-bm25
    #   scikit-learn
    #   scipy
    #   sentence-transformers
    #   transformers
nvidia-cublas==13.1.1.3
    # via
    #   nvidia-cudnn-cu13
    #   nvidia-cusolver
    #   torch
nvidia-cuda-cupti==13.0.85
    # via cuda-toolkit
nvidia-cuda-nvrtc==13.0.88
    # via
    #   cuda-toolkit
    #   nvidia-cublas
nvidia-cuda-runtime==13.0.96
    # via cuda-toolkit
nvidia-cudnn-cu13==9.20.0.48
    # via torch
nvidia-cufft==12.0.0.61
    # via cuda-toolkit
nvidia-cufile==1.15.1.6
    # via cuda-toolkit
nvidia-curand==10.4.0.35
    # via cuda-toolkit
nvidia-cusolver==12.0.4.66
    # via cuda-toolkit
nvidia-cusparse==12.6.3.3
    # via
    #   cuda-toolkit
    #   nvidia-cusolver
nvidia-cusparselt-cu13==0.8.1
    # via torch
nvidia-nccl-cu13==2.29.7
    # via torch
nvidia-nvjitlink==13.0.88
    # via
    #   cuda-toolkit
    #   nvidia-cufft
    #   nvidia-cusolver
    #   nvidia-cusparse
nvidia-nvshmem-cu13==3.4.5
    # via torch
nvidia-nvtx==13.0.85
    # via cuda-toolkit
oauthlib==3.3.1
    # via requests-oauthlib
ollama==0.6.2
    # via langchain-ollama
onnxruntime==1.26.0
    # via chromadb
openai==2.36.0
    # via
    #   -r requirements.txt
    #   langchain-openai
opentelemetry-api==1.41.1
    # via
    #   -r requirements.txt
    #   chromadb
    #   opentelemetry-exporter-otlp-proto-grpc
    #   opentelemetry-exporter-otlp-proto-http
    #   opentelemetry-instrumentation
    #   opentelemetry-instrumentation-asgi
    #   opentelemetry-instrumentation-fastapi
    #   opentelemetry-instrumentation-httpx
    #   opentelemetry-instrumentation-redis
    #   opentelemetry-sdk
    #   opentelemetry-semantic-conventions
opentelemetry-exporter-otlp==1.41.1
    # via -r requirements.txt
opentelemetry-exporter-otlp-proto-common==1.41.1
    # via
    #   opentelemetry-exporter-otlp-proto-grpc
    #   opentelemetry-exporter-otlp-proto-http
opentelemetry-exporter-otlp-proto-grpc==1.41.1
    # via
    #   chromadb
    #   opentelemetry-exporter-otlp
opentelemetry-exporter-otlp-proto-http==1.41.1
    # via opentelemetry-exporter-otlp
opentelemetry-instrumentation==0.62b1
    # via
    #   opentelemetry-instrumentation-asgi
    #   opentelemetry-instrumentation-fastapi
    #   opentelemetry-instrumentation-httpx
    #   opentelemetry-instrumentation-redis
opentelemetry-instrumentation-asgi==0.62b1
    # via opentelemetry-instrumentation-fastapi
opentelemetry-instrumentation-fastapi==0.62b1
    # via -r requirements.txt
opentelemetry-instrumentation-httpx==0.62b1
    # via -r requirements.txt
opentelemetry-instrumentation-redis==0.62b1
    # via -r requirements.txt
opentelemetry-proto==1.41.1
    # via
    #   opentelemetry-exporter-otlp-proto-common
    #   opentelemetry-exporter-otlp-proto-grpc
    #   opentelemetry-exporter-otlp-proto-http
opentelemetry-sdk==1.41.1
    # via
    #   -r requirements.txt
    #   chromadb
    #   opentelemetry-exporter-otlp-proto-grpc
    #   opentelemetry-exporter-otlp-proto-http
opentelemetry-semantic-conventions==0.62b1
    # via
    #   opentelemetry-instrumentation
    #   opentelemetry-instrumentation-asgi
    #   opentelemetry-instrumentation-fastapi
    #   opentelemetry-instrumentation-httpx
    #   opentelemetry-instrumentation-redis
    #   opentelemetry-sdk
opentelemetry-util-http==0.62b1
    # via
    #   opentelemetry-instrumentation-asgi
    #   opentelemetry-instrumentation-fastapi
    #   opentelemetry-instrumentation-httpx
orjson==3.11.9
    # via
    #   chromadb
    #   langgraph-sdk
    #   langsmith
ormsgpack==1.12.2
    # via langgraph-checkpoint
overrides==7.7.0
    # via chromadb
packageurl-python==0.17.6
    # via cyclonedx-python-lib
packaging==26.2
    # via
    #   black
    #   build
    #   huggingface-hub
    #   langchain-core
    #   langsmith
    #   onnxruntime
    #   opentelemetry-instrumentation
    #   pip-audit
    #   pip-requirements-parser
    #   pipdeptree
    #   pytest
    #   transformers
pathspec==1.1.1
    # via
    #   black
    #   mypy
pillow==12.2.0
    # via -r requirements.txt
pip==26.1.1
    # via pip-api
pip-api==0.0.34
    # via pip-audit
pip-audit==2.10.0
    # via -r requirements-dev.txt
pip-requirements-parser==32.0.1
    # via pip-audit
pipdeptree==2.35.2
    # via -r requirements-dev.txt
platformdirs==4.9.6
    # via
    #   black
    #   pip-audit
    #   python-discovery
    #   virtualenv
pluggy==1.6.0
    # via
    #   pytest
    #   pytest-cov
pre-commit==4.6.0
    # via -r requirements-dev.txt
primp==1.2.3
    # via duckduckgo-search
prometheus-client==0.25.0
    # via -r requirements.txt
protobuf==6.33.6
    # via
    #   googleapis-common-protos
    #   onnxruntime
    #   opentelemetry-proto
py-serializable==2.1.0
    # via cyclonedx-python-lib
pybase64==1.4.3
    # via chromadb
pydantic==2.13.4
    # via
    #   -r requirements.txt
    #   chromadb
    #   fastapi
    #   langchain-core
    #   langgraph
    #   langsmith
    #   ollama
    #   openai
    #   pydantic-settings
pydantic-core==2.46.4
    # via pydantic
pydantic-settings==2.14.1
    # via
    #   -r requirements.txt
    #   chromadb
pydub==0.25.1
    # via -r requirements.txt
pygments==2.20.0
    # via
    #   pytest
    #   rich
pyparsing==3.3.2
    # via pip-requirements-parser
pypika==0.51.1
    # via chromadb
pyproject-hooks==1.2.0
    # via build
pytest==9.0.3
    # via
    #   -r requirements-dev.txt
    #   pytest-asyncio
    #   pytest-cov
    #   pytest-mock
    #   pytest-timeout
pytest-asyncio==1.3.0
    # via -r requirements-dev.txt
pytest-cov==7.1.0
    # via -r requirements-dev.txt
pytest-mock==3.15.1
    # via -r requirements-dev.txt
pytest-timeout==2.4.0
    # via -r requirements-dev.txt
python-dateutil==2.9.0.post0
    # via kubernetes
python-discovery==1.3.1
    # via virtualenv
python-dotenv==1.2.2
    # via
    #   -r requirements.txt
    #   pydantic-settings
    #   uvicorn
python-magic==0.4.27
    # via -r requirements.txt
python-multipart==0.0.28
    # via -r requirements.txt
pytokens==0.4.1
    # via black
pyyaml==6.0.3
    # via
    #   chromadb
    #   huggingface-hub
    #   kubernetes
    #   langchain-core
    #   pre-commit
    #   transformers
    #   uvicorn
rank-bm25==0.2.2
    # via -r requirements.txt
redis==7.4.0
    # via -r requirements.txt
referencing==0.37.0
    # via
    #   jsonschema
    #   jsonschema-specifications
regex==2026.5.9
    # via
    #   tiktoken
    #   transformers
requests==2.34.2
    # via
    #   cachecontrol
    #   kubernetes
    #   langsmith
    #   opentelemetry-exporter-otlp-proto-http
    #   pip-audit
    #   requests-oauthlib
    #   requests-toolbelt
    #   tiktoken
requests-oauthlib==2.0.0
    # via kubernetes
requests-toolbelt==1.0.0
    # via langsmith
rich==15.0.0
    # via
    #   chromadb
    #   pip-audit
    #   typer
rpds-py==0.30.0
    # via
    #   jsonschema
    #   referencing
ruff==0.15.12
    # via -r requirements-dev.txt
safetensors==0.7.0
    # via transformers
scikit-learn==1.8.0
    # via sentence-transformers
scipy==1.17.1
    # via
    #   scikit-learn
    #   sentence-transformers
sentence-transformers==5.5.0
    # via -r requirements.txt
setuptools==81.0.0
    # via torch
shellingham==1.5.4
    # via typer
six==1.17.0
    # via
    #   javalang
    #   kubernetes
    #   python-dateutil
sniffio==1.3.1
    # via openai
sortedcontainers==2.4.0
    # via cyclonedx-python-lib
soupsieve==2.8.3
    # via beautifulsoup4
sqlalchemy==2.0.49
    # via -r requirements.txt
sqlite-vec==0.1.9
    # via langgraph-checkpoint-sqlite
starlette==1.0.0
    # via fastapi
structlog==25.5.0
    # via -r requirements.txt
sympy==1.14.0
    # via torch
tenacity==9.1.4
    # via
    #   chromadb
    #   langchain-core
threadpoolctl==3.6.0
    # via scikit-learn
tiktoken==0.12.0
    # via langchain-openai
tokenizers==0.22.2
    # via
    #   chromadb
    #   transformers
tomli==2.4.1
    # via pip-audit
tomli-w==1.2.0
    # via pip-audit
torch==2.12.0
    # via sentence-transformers
tqdm==4.67.3
    # via
    #   chromadb
    #   huggingface-hub
    #   openai
    #   sentence-transformers
    #   transformers
transformers==5.8.1
    # via sentence-transformers
tree-sitter==0.25.2
    # via -r requirements.txt
tree-sitter-java==0.23.5
    # via -r requirements.txt
triton==3.7.0
    # via torch
typer==0.25.1
    # via
    #   chromadb
    #   huggingface-hub
    #   transformers
typing-extensions==4.15.0
    # via
    #   anyio
    #   beautifulsoup4
    #   chromadb
    #   cyclonedx-python-lib
    #   fastapi
    #   grpcio
    #   huggingface-hub
    #   langchain-core
    #   langchain-protocol
    #   mypy
    #   openai
    #   opentelemetry-api
    #   opentelemetry-exporter-otlp-proto-grpc
    #   opentelemetry-exporter-otlp-proto-http
    #   opentelemetry-sdk
    #   opentelemetry-semantic-conventions
    #   pydantic
    #   pydantic-core
    #   pytest-asyncio
    #   referencing
    #   sentence-transformers
    #   sqlalchemy
    #   starlette
    #   torch
    #   typing-inspection
typing-inspection==0.4.2
    # via
    #   fastapi
    #   pydantic
    #   pydantic-settings
urllib3==2.7.0
    # via
    #   kubernetes
    #   requests
uuid-utils==0.15.0
    # via
    #   langchain-core
    #   langsmith
uvicorn==0.46.0
    # via
    #   -r requirements.txt
    #   chromadb
uvloop==0.22.1
    # via uvicorn
validators==0.35.0
    # via -r requirements.txt
virtualenv==21.3.3
    # via pre-commit
watchfiles==1.1.1
    # via uvicorn
websocket-client==1.9.0
    # via kubernetes
websockets==16.0
    # via uvicorn
wrapt==2.1.2
    # via
    #   opentelemetry-instrumentation
    #   opentelemetry-instrumentation-httpx
    #   opentelemetry-instrumentation-redis
xxhash==3.7.0
    # via
    #   langgraph
    #   langsmith
zipp==3.23.1
    # via importlib-metadata
zstandard==0.25.0
    # via langsmith
